
Microsoft Visual Studio Solution File, Format Version 12.00
# Visual Studio Version 17
VisualStudioVersion = 17.4.33205.214
MinimumVisualStudioVersion = 10.0.40219.1
Project("{9A19103F-16F7-4668-BE54-9A1E7A4F7556}") = "GnucashPlDataImportGeneratorApp", "GnucashPlDataImportGeneratorApp\GnucashPlDataImportGeneratorApp.csproj", "{8841AD6D-A3AF-4D2E-BAE0-26F76F2370FB}"
EndProject
Project("{9A19103F-16F7-4668-BE54-9A1E7A4F7556}") = "GnuCash.DataModel", "GnuCash.DataModel\GnuCash.DataModel.csproj", "{0BB608F8-2987-4A32-9A1E-16DD1D59973F}"
EndProject
Project("{9A19103F-16F7-4668-BE54-9A1E7A4F7556}") = "GnuCash.CommodityPriceImportGenerator", "GnuCash.CommodityPriceImportGenerator\GnuCash.CommodityPriceImportGenerator.csproj", "{586119A7-3421-4751-9A57-7AA2939178BC}"
EndProject
Project("{9A19103F-16F7-4668-BE54-9A1E7A4F7556}") = "GnuCash.TransactionImportGenerator", "GnuCash.TransactionImportGenerator\GnuCash.TransactionImportGenerator.csproj", "{901FC7D2-114F-42BF-82FE-5D47CE82FDB7}"
EndProject
Project("{9A19103F-16F7-4668-BE54-9A1E7A4F7556}") = "GnucashPlDataImportGeneratorApp.Tests", "GnucashPlDataImportGeneratorApp.Tests\GnucashPlDataImportGeneratorApp.Tests.csproj", "{95110FAA-ACF5-42CB-AFD6-E943EC1978B5}"
EndProject
Project("{9A19103F-16F7-4668-BE54-9A1E7A4F7556}") = "GnuCash.TransactionImportGenerator.Tests", "GnuCash.TransactionImportGenerator.Tests\GnuCash.TransactionImportGenerator.Tests.csproj", "{01E38F74-59A9-49C2-A2DF-CB0ADB1B2F7F}"
EndProject
Project("{9A19103F-16F7-4668-BE54-9A1E7A4F7556}") = "GnuCash.CommodityPriceImportGenerator.Tests", "GnuCash.CommodityPriceImportGenerator.Tests\GnuCash.CommodityPriceImportGenerator.Tests.csproj", "{26A3B5D1-C00B-4BF6-BFB2-2CC922048177}"
EndProject
Project("{9A19103F-16F7-4668-BE54-9A1E7A4F7556}") = "StooqWebsite", "StooqWebsite\StooqWebsite.csproj", "{B3546173-51A9-483C-9AE1-64C1A8CC2F5C}"
EndProject
Project("{9A19103F-16F7-4668-BE54-9A1E7A4F7556}") = "StooqWebsite.Tests", "StooqWebsite.Tests\StooqWebsite.Tests.csproj", "{A26B4D67-0866-4650-B52D-C7B7B8D8DE5E}"
EndProject
Project("{2150E333-8FDC-42A3-9474-1A3956D46DE8}") = "Solution Items", "Solution Items", "{795BC2DD-730E-4814-A4FE-DF61C507EBB2}"
	ProjectSection(SolutionItems) = preProject
		Jenkinsfile = Jenkinsfile
	EndProjectSection
EndProject
Global
	GlobalSection(SolutionConfigurationPlatforms) = preSolution
		Debug|Any CPU = Debug|Any CPU
		Release|Any CPU = Release|Any CPU
	EndGlobalSection
	GlobalSection(ProjectConfigurationPlatforms) = postSolution
		{8841AD6D-A3AF-4D2E-BAE0-26F76F2370FB}.Debug|Any CPU.ActiveCfg = Debug|Any CPU
		{8841AD6D-A3AF-4D2E-BAE0-26F76F2370FB}.Debug|Any CPU.Build.0 = Debug|Any CPU
		{8841AD6D-A3AF-4D2E-BAE0-26F76F2370FB}.Release|Any CPU.ActiveCfg = Release|Any CPU
		{8841AD6D-A3AF-4D2E-BAE0-26F76F2370FB}.Release|Any CPU.Build.0 = Release|Any CPU
		{0BB608F8-2987-4A32-9A1E-16DD1D59973F}.Debug|Any CPU.ActiveCfg = Debug|Any CPU
		{0BB608F8-2987-4A32-9A1E-16DD1D59973F}.Debug|Any CPU.Build.0 = Debug|Any CPU
		{0BB608F8-2987-4A32-9A1E-16DD1D59973F}.Release|Any CPU.ActiveCfg = Release|Any CPU
		{0BB608F8-2987-4A32-9A1E-16DD1D59973F}.Release|Any CPU.Build.0 = Release|Any CPU
		{586119A7-3421-4751-9A57-7AA2939178BC}.Debug|Any CPU.ActiveCfg = Debug|Any CPU
		{586119A7-3421-4751-9A57-7AA2939178BC}.Debug|Any CPU.Build.0 = Debug|Any CPU
		{586119A7-3421-4751-9A57-7AA2939178BC}.Release|Any CPU.ActiveCfg = Release|Any CPU
		{586119A7-3421-4751-9A57-7AA2939178BC}.Release|Any CPU.Build.0 = Release|Any CPU
		{901FC7D2-114F-42BF-82FE-5D47CE82FDB7}.Debug|Any CPU.ActiveCfg = Debug|Any CPU
		{901FC7D2-114F-42BF-82FE-5D47CE82FDB7}.Debug|Any CPU.Build.0 = Debug|Any CPU
		{901FC7D2-114F-42BF-82FE-5D47CE82FDB7}.Release|Any CPU.ActiveCfg = Release|Any CPU
		{901FC7D2-114F-42BF-82FE-5D47CE82FDB7}.Release|Any CPU.Build.0 = Release|Any CPU
		{95110FAA-ACF5-42CB-AFD6-E943EC1978B5}.Debug|Any CPU.ActiveCfg = Debug|Any CPU
		{95110FAA-ACF5-42CB-AFD6-E943EC1978B5}.Debug|Any CPU.Build.0 = Debug|Any CPU
		{95110FAA-ACF5-42CB-AFD6-E943EC1978B5}.Release|Any CPU.ActiveCfg = Release|Any CPU
		{95110FAA-ACF5-42CB-AFD6-E943EC1978B5}.Release|Any CPU.Build.0 = Release|Any CPU
		{01E38F74-59A9-49C2-A2DF-CB0ADB1B2F7F}.Debug|Any CPU.ActiveCfg = Debug|Any CPU
		{01E38F74-59A9-49C2-A2DF-CB0ADB1B2F7F}.Debug|Any CPU.Build.0 = Debug|Any CPU
		{01E38F74-59A9-49C2-A2DF-CB0ADB1B2F7F}.Release|Any CPU.ActiveCfg = Release|Any CPU
		{01E38F74-59A9-49C2-A2DF-CB0ADB1B2F7F}.Release|Any CPU.Build.0 = Release|Any CPU
		{26A3B5D1-C00B-4BF6-BFB2-2CC922048177}.Debug|Any CPU.ActiveCfg = Debug|Any CPU
		{26A3B5D1-C00B-4BF6-BFB2-2CC922048177}.Debug|Any CPU.Build.0 = Debug|Any CPU
		{26A3B5D1-C00B-4BF6-BFB2-2CC922048177}.Release|Any CPU.ActiveCfg = Release|Any CPU
		{26A3B5D1-C00B-4BF6-BFB2-2CC922048177}.Release|Any CPU.Build.0 = Release|Any CPU
		{B3546173-51A9-483C-9AE1-64C1A8CC2F5C}.Debug|Any CPU.ActiveCfg = Debug|Any CPU
		{B3546173-51A9-483C-9AE1-64C1A8CC2F5C}.Debug|Any CPU.Build.0 = Debug|Any CPU
		{B3546173-51A9-483C-9AE1-64C1A8CC2F5C}.Release|Any CPU.ActiveCfg = Release|Any CPU
		{B3546173-51A9-483C-9AE1-64C1A8CC2F5C}.Release|Any CPU.Build.0 = Release|Any CPU
		{A26B4D67-0866-4650-B52D-C7B7B8D8DE5E}.Debug|Any CPU.ActiveCfg = Debug|Any CPU
		{A26B4D67-0866-4650-B52D-C7B7B8D8DE5E}.Debug|Any CPU.Build.0 = Debug|Any CPU
		{A26B4D67-0866-4650-B52D-C7B7B8D8DE5E}.Release|Any CPU.ActiveCfg = Release|Any CPU
		{A26B4D67-0866-4650-B52D-C7B7B8D8DE5E}.Release|Any CPU.Build.0 = Release|Any CPU
	EndGlobalSection
	GlobalSection(SolutionProperties) = preSolution
		HideSolutionNode = FALSE
	EndGlobalSection
	GlobalSection(ExtensibilityGlobals) = postSolution
		SolutionGuid = {F1BFEA28-6FFD-497A-964D-877930D5183C}
	EndGlobalSection
EndGlobal
